{
    "_readme": [
        "This file locks the dependencies of your project to a known state",
        "Read more about it at https://getcomposer.org/doc/01-basic-usage.md#installing-dependencies",
        "This file is @generated automatically"
    ],
    "content-hash": "cf70987b9845a40ca9c04b1522ad98b6",
    "packages": [],
    "packages-dev": [
        {
            "name": "laravel-lang/lang",
            "version": "7.0.9",
            "source": {
                "type": "git",
                "url": "https://github.com/Laravel-Lang/lang.git",
                "reference": "679a65755db37b35acd36a5e0ca51e055815a00a"
            },
            "dist": {
                "type": "zip",
                "url": "https://api.github.com/repos/Laravel-Lang/lang/zipball/679a65755db37b35acd36a5e0ca51e055815a00a",
                "reference": "679a65755db37b35acd36a5e0ca51e055815a00a",
                "shasum": ""
            },
            "require": {
                "ext-json": "*"
            },
            "suggest": {
                "andrey-helldar/laravel-lang-publisher": "Easy installation and update of translation files for your project",
                "arcanedev/laravel-lang": "Translations manager and checker for Laravel 5",
                "overtrue/laravel-lang": "Command to add languages in your project"
            },
            "type": "library",
            "notification-url": "https://packagist.org/downloads/",
            "license": [
                "MIT"
            ],
            "authors": [
                {
                    "name": "Laravel-Lang Team"
                }
            ],
            "description": "Languages for Laravel",
            "keywords": [
                "lang",
                "languages",
                "laravel",
                "lpm"
            ],
            "support": {
                "issues": "https://github.com/Laravel-Lang/lang/issues",
                "source": "https://github.com/Laravel-Lang/lang/tree/7.0.9"
            },
            "time": "2020-11-30T20:35:41+00:00"
        }
    ],
    "aliases": [],
    "minimum-stability": "stable",
    "stability-flags": [],
    "prefer-stable": false,
    "prefer-lowest": false,
    "platform": [],
    "platform-dev": [],
    "plugin-api-version": "2.6.0"
}
